
Microsoft Visual Studio Solution File, Format Version 12.00
Project("{FAE04EC0-301F-11D3-BF4B-00C04F79EFBC}") = "ToDo.API", "src\ToDo.API\ToDo.API.csproj", "{0617CB5E-190C-42C5-B496-B2E85CFC362D}"
EndProject
Project("{2150E333-8FDC-42A3-9474-1A3956D46DE8}") = "src", "src", "{95C7C7A5-12B4-4DCE-9DD2-4ACA60034414}"
EndProject
Project("{2150E333-8FDC-42A3-9474-1A3956D46DE8}") = "tests", "tests", "{C71655F4-9239-4139-A876-476C11DECC05}"
EndProject
Project("{FAE04EC0-301F-11D3-BF4B-00C04F79EFBC}") = "ToDo.Shared", "src\ToDo.Shared\ToDo.Shared.csproj", "{DDF9F52E-094E-404B-9577-5A0CECBCFB30}"
EndProject
Project("{FAE04EC0-301F-11D3-BF4B-00C04F79EFBC}") = "ToDo.API.Tests", "tests\ToDo.API.Tests\ToDo.API.Tests.csproj", "{92046925-659F-490C-AB5B-5C34D8D5F916}"
EndProject
Project("{FAE04EC0-301F-11D3-BF4B-00C04F79EFBC}") = "ToDo.Features.Tests", "tests\ToDo.Features.Tests\ToDo.Features.Tests.csproj", "{A0F3E849-C67E-45E2-AD78-DDFDD9DB688B}"
EndProject
Global
	GlobalSection(SolutionConfigurationPlatforms) = preSolution
		Debug|Any CPU = Debug|Any CPU
		Release|Any CPU = Release|Any CPU
	EndGlobalSection
	GlobalSection(ProjectConfigurationPlatforms) = postSolution
		{0617CB5E-190C-42C5-B496-B2E85CFC362D}.Debug|Any CPU.ActiveCfg = Debug|Any CPU
		{0617CB5E-190C-42C5-B496-B2E85CFC362D}.Debug|Any CPU.Build.0 = Debug|Any CPU
		{0617CB5E-190C-42C5-B496-B2E85CFC362D}.Release|Any CPU.ActiveCfg = Release|Any CPU
		{0617CB5E-190C-42C5-B496-B2E85CFC362D}.Release|Any CPU.Build.0 = Release|Any CPU
		{DDF9F52E-094E-404B-9577-5A0CECBCFB30}.Debug|Any CPU.ActiveCfg = Debug|Any CPU
		{DDF9F52E-094E-404B-9577-5A0CECBCFB30}.Debug|Any CPU.Build.0 = Debug|Any CPU
		{DDF9F52E-094E-404B-9577-5A0CECBCFB30}.Release|Any CPU.ActiveCfg = Release|Any CPU
		{DDF9F52E-094E-404B-9577-5A0CECBCFB30}.Release|Any CPU.Build.0 = Release|Any CPU
		{92046925-659F-490C-AB5B-5C34D8D5F916}.Debug|Any CPU.ActiveCfg = Debug|Any CPU
		{92046925-659F-490C-AB5B-5C34D8D5F916}.Debug|Any CPU.Build.0 = Debug|Any CPU
		{92046925-659F-490C-AB5B-5C34D8D5F916}.Release|Any CPU.ActiveCfg = Release|Any CPU
		{92046925-659F-490C-AB5B-5C34D8D5F916}.Release|Any CPU.Build.0 = Release|Any CPU
		{A0F3E849-C67E-45E2-AD78-DDFDD9DB688B}.Debug|Any CPU.ActiveCfg = Debug|Any CPU
		{A0F3E849-C67E-45E2-AD78-DDFDD9DB688B}.Debug|Any CPU.Build.0 = Debug|Any CPU
		{A0F3E849-C67E-45E2-AD78-DDFDD9DB688B}.Release|Any CPU.ActiveCfg = Release|Any CPU
		{A0F3E849-C67E-45E2-AD78-DDFDD9DB688B}.Release|Any CPU.Build.0 = Release|Any CPU
	EndGlobalSection
	GlobalSection(NestedProjects) = preSolution
		{0617CB5E-190C-42C5-B496-B2E85CFC362D} = {95C7C7A5-12B4-4DCE-9DD2-4ACA60034414}
		{DDF9F52E-094E-404B-9577-5A0CECBCFB30} = {95C7C7A5-12B4-4DCE-9DD2-4ACA60034414}
		{92046925-659F-490C-AB5B-5C34D8D5F916} = {C71655F4-9239-4139-A876-476C11DECC05}
		{A0F3E849-C67E-45E2-AD78-DDFDD9DB688B} = {C71655F4-9239-4139-A876-476C11DECC05}
	EndGlobalSection
EndGlobal
